// !$*UTF8*$!
{
	archiveVersion = 1;
	classes = {
	};
	objectVersion = 56;
	objects = {

/* Begin PBXBuildFile section */
		FF5B22342A49D30A00FDFCFB /* TestAuthProject_AuthFrameworkApp.swift in Sources */ = {isa = PBXBuildFile; fileRef = FF5B22332A49D30A00FDFCFB /* TestAuthProject_AuthFrameworkApp.swift */; };
		FF5B22362A49D30A00FDFCFB /* ContentView.swift in Sources */ = {isa = PBXBuildFile; fileRef = FF5B22352A49D30A00FDFCFB /* ContentView.swift */; };
		FF5B22382A49D30A00FDFCFB /* Assets.xcassets in Resources */ = {isa = PBXBuildFile; fileRef = FF5B22372A49D30A00FDFCFB /* Assets.xcassets */; };
		FF5B223B2A49D30A00FDFCFB /* Preview Assets.xcassets in Resources */ = {isa = PBXBuildFile; fileRef = FF5B223A2A49D30A00FDFCFB /* Preview Assets.xcassets */; };
		FF5B22432A49D35800FDFCFB /* amplifyconfiguration.json in Resources */ = {isa = PBXBuildFile; fileRef = FF5B22412A49D35700FDFCFB /* amplifyconfiguration.json */; };
		FF5B22442A49D35800FDFCFB /* awsconfiguration.json in Resources */ = {isa = PBXBuildFile; fileRef = FF5B22422A49D35800FDFCFB /* awsconfiguration.json */; };
		FF5B22592A49D45500FDFCFB /* AWSAPIPlugin in Frameworks */ = {isa = PBXBuildFile; productRef = FF5B22582A49D45500FDFCFB /* AWSAPIPlugin */; };
		FF5B225B2A49D45500FDFCFB /* AWSCognitoAuthPlugin in Frameworks */ = {isa = PBXBuildFile; productRef = FF5B225A2A49D45500FDFCFB /* AWSCognitoAuthPlugin */; };
		FF5B225D2A49D45500FDFCFB /* AWSS3StoragePlugin in Frameworks */ = {isa = PBXBuildFile; productRef = FF5B225C2A49D45500FDFCFB /* AWSS3StoragePlugin */; };
		FF5B225F2A49D45500FDFCFB /* Amplify in Frameworks */ = {isa = PBXBuildFile; productRef = FF5B225E2A49D45500FDFCFB /* Amplify */; };
		FF5B22612A49D4F100FDFCFB /* UserInformation.swift in Sources */ = {isa = PBXBuildFile; fileRef = FF5B22602A49D4F100FDFCFB /* UserInformation.swift */; };
		FF5B22642A49D5F800FDFCFB /* AmplifyAuthCode.swift in Sources */ = {isa = PBXBuildFile; fileRef = FF5B22632A49D5F800FDFCFB /* AmplifyAuthCode.swift */; };
		FF5B22682A49E0B400FDFCFB /* Stopwatch.swift in Sources */ = {isa = PBXBuildFile; fileRef = FF5B22672A49E0B400FDFCFB /* Stopwatch.swift */; };
		FF5B22712A49F66800FDFCFB /* HomeScreen.swift in Sources */ = {isa = PBXBuildFile; fileRef = FF5B22702A49F66800FDFCFB /* HomeScreen.swift */; };
		FF5B22732A4A312600FDFCFB /* LoginView.swift in Sources */ = {isa = PBXBuildFile; fileRef = FF5B22722A4A312600FDFCFB /* LoginView.swift */; };
		FF9DEF522A571068006B4B9D /* WelcomeView.swift in Sources */ = {isa = PBXBuildFile; fileRef = FF9DEF512A571068006B4B9D /* WelcomeView.swift */; };
		FFF171D42A4B459B00F9DAEA /* ConfirmEmail.swift in Sources */ = {isa = PBXBuildFile; fileRef = FFF171D32A4B459B00F9DAEA /* ConfirmEmail.swift */; };
		FFF171D62A4B895900F9DAEA /* RegisterView.swift in Sources */ = {isa = PBXBuildFile; fileRef = FFF171D52A4B895900F9DAEA /* RegisterView.swift */; };
		FFF171D82A4C562200F9DAEA /* ForgotPasswordRequestView.swift in Sources */ = {isa = PBXBuildFile; fileRef = FFF171D72A4C562200F9DAEA /* ForgotPasswordRequestView.swift */; };
		FFF171DA2A4C578F00F9DAEA /* ForgotPasswordConfirmView.swift in Sources */ = {isa = PBXBuildFile; fileRef = FFF171D92A4C578F00F9DAEA /* ForgotPasswordConfirmView.swift */; };
		FFF171DC2A4C597D00F9DAEA /* PasswordResetView.swift in Sources */ = {isa = PBXBuildFile; fileRef = FFF171DB2A4C597D00F9DAEA /* PasswordResetView.swift */; };
		FFF171DE2A4C5B9C00F9DAEA /* AccountView.swift in Sources */ = {isa = PBXBuildFile; fileRef = FFF171DD2A4C5B9C00F9DAEA /* AccountView.swift */; };
/* End PBXBuildFile section */

/* Begin PBXFileReference section */
		FF5B22302A49D30A00FDFCFB /* TestAuthProject_AuthFramework.app */ = {isa = PBXFileReference; explicitFileType = wrapper.application; includeInIndex = 0; path = TestAuthProject_AuthFramework.app; sourceTree = BUILT_PRODUCTS_DIR; };
		FF5B22332A49D30A00FDFCFB /* TestAuthProject_AuthFrameworkApp.swift */ = {isa = PBXFileReference; lastKnownFileType = sourcecode.swift; path = TestAuthProject_AuthFrameworkApp.swift; sourceTree = "<group>"; };
		FF5B22352A49D30A00FDFCFB /* ContentView.swift */ = {isa = PBXFileReference; lastKnownFileType = sourcecode.swift; path = ContentView.swift; sourceTree = "<group>"; };
		FF5B22372A49D30A00FDFCFB /* Assets.xcassets */ = {isa = PBXFileReference; lastKnownFileType = folder.assetcatalog; path = Assets.xcassets; sourceTree = "<group>"; };
		FF5B223A2A49D30A00FDFCFB /* Preview Assets.xcassets */ = {isa = PBXFileReference; lastKnownFileType = folder.assetcatalog; path = "Preview Assets.xcassets"; sourceTree = "<group>"; };
		FF5B22412A49D35700FDFCFB /* amplifyconfiguration.json */ = {isa = PBXFileReference; fileEncoding = 4; lastKnownFileType = text.json; path = amplifyconfiguration.json; sourceTree = "<group>"; };
		FF5B22422A49D35800FDFCFB /* awsconfiguration.json */ = {isa = PBXFileReference; fileEncoding = 4; lastKnownFileType = text.json; path = awsconfiguration.json; sourceTree = "<group>"; };
		FF5B22602A49D4F100FDFCFB /* UserInformation.swift */ = {isa = PBXFileReference; lastKnownFileType = sourcecode.swift; path = UserInformation.swift; sourceTree = "<group>"; };
		FF5B22632A49D5F800FDFCFB /* AmplifyAuthCode.swift */ = {isa = PBXFileReference; lastKnownFileType = sourcecode.swift; path = AmplifyAuthCode.swift; sourceTree = "<group>"; };
		FF5B22672A49E0B400FDFCFB /* Stopwatch.swift */ = {isa = PBXFileReference; lastKnownFileType = sourcecode.swift; path = Stopwatch.swift; sourceTree = "<group>"; };
		FF5B22702A49F66800FDFCFB /* HomeScreen.swift */ = {isa = PBXFileReference; lastKnownFileType = sourcecode.swift; path = HomeScreen.swift; sourceTree = "<group>"; };
		FF5B22722A4A312600FDFCFB /* LoginView.swift */ = {isa = PBXFileReference; fileEncoding = 4; lastKnownFileType = sourcecode.swift; path = LoginView.swift; sourceTree = "<group>"; };
		FF9DEF512A571068006B4B9D /* WelcomeView.swift */ = {isa = PBXFileReference; lastKnownFileType = sourcecode.swift; path = WelcomeView.swift; sourceTree = "<group>"; };
		FFF171D32A4B459B00F9DAEA /* ConfirmEmail.swift */ = {isa = PBXFileReference; lastKnownFileType = sourcecode.swift; path = ConfirmEmail.swift; sourceTree = "<group>"; };
		FFF171D52A4B895900F9DAEA /* RegisterView.swift */ = {isa = PBXFileReference; lastKnownFileType = sourcecode.swift; path = RegisterView.swift; sourceTree = "<group>"; };
		FFF171D72A4C562200F9DAEA /* ForgotPasswordRequestView.swift */ = {isa = PBXFileReference; lastKnownFileType = sourcecode.swift; path = ForgotPasswordRequestView.swift; sourceTree = "<group>"; };
		FFF171D92A4C578F00F9DAEA /* ForgotPasswordConfirmView.swift */ = {isa = PBXFileReference; lastKnownFileType = sourcecode.swift; path = ForgotPasswordConfirmView.swift; sourceTree = "<group>"; };
		FFF171DB2A4C597D00F9DAEA /* PasswordResetView.swift */ = {isa = PBXFileReference; lastKnownFileType = sourcecode.swift; path = PasswordResetView.swift; sourceTree = "<group>"; };
		FFF171DD2A4C5B9C00F9DAEA /* AccountView.swift */ = {isa = PBXFileReference; lastKnownFileType = sourcecode.swift; path = AccountView.swift; sourceTree = "<group>"; };
/* End PBXFileReference section */

/* Begin PBXFrameworksBuildPhase section */
		FF5B222D2A49D30A00FDFCFB /* Frameworks */ = {
			isa = PBXFrameworksBuildPhase;
			buildActionMask = 2147483647;
			files = (
				FF5B22592A49D45500FDFCFB /* AWSAPIPlugin in Frameworks */,
				FF5B225F2A49D45500FDFCFB /* Amplify in Frameworks */,
				FF5B225B2A49D45500FDFCFB /* AWSCognitoAuthPlugin in Frameworks */,
				FF5B225D2A49D45500FDFCFB /* AWSS3StoragePlugin in Frameworks */,
			);
			runOnlyForDeploymentPostprocessing = 0;
		};
/* End PBXFrameworksBuildPhase section */

/* Begin PBXGroup section */
		FF5B22272A49D30900FDFCFB = {
			isa = PBXGroup;
			children = (
				FF5B22412A49D35700FDFCFB /* amplifyconfiguration.json */,
				FF5B22422A49D35800FDFCFB /* awsconfiguration.json */,
				FF5B22322A49D30A00FDFCFB /* TestAuthProject_AuthFramework */,
				FF5B22312A49D30A00FDFCFB /* Products */,
			);
			sourceTree = "<group>";
		};
		FF5B22312A49D30A00FDFCFB /* Products */ = {
			isa = PBXGroup;
			children = (
				FF5B22302A49D30A00FDFCFB /* TestAuthProject_AuthFramework.app */,
			);
			name = Products;
			sourceTree = "<group>";
		};
		FF5B22322A49D30A00FDFCFB /* TestAuthProject_AuthFramework */ = {
			isa = PBXGroup;
			children = (
				FF5B22372A49D30A00FDFCFB /* Assets.xcassets */,
				FF5B22392A49D30A00FDFCFB /* Preview Content */,
				FF5B22332A49D30A00FDFCFB /* TestAuthProject_AuthFrameworkApp.swift */,
				FF5B22352A49D30A00FDFCFB /* ContentView.swift */,
				FF5B22702A49F66800FDFCFB /* HomeScreen.swift */,
				FFF171D22A4B455600F9DAEA /* AuthenticationViews */,
				FF5B22622A49D58800FDFCFB /* CIAuthenticationStack */,
			);
			path = TestAuthProject_AuthFramework;
			sourceTree = "<group>";
		};
		FF5B22392A49D30A00FDFCFB /* Preview Content */ = {
			isa = PBXGroup;
			children = (
				FF5B223A2A49D30A00FDFCFB /* Preview Assets.xcassets */,
			);
			path = "Preview Content";
			sourceTree = "<group>";
		};
		FF5B22622A49D58800FDFCFB /* CIAuthenticationStack */ = {
			isa = PBXGroup;
			children = (
				FF5B22602A49D4F100FDFCFB /* UserInformation.swift */,
				FF5B22632A49D5F800FDFCFB /* AmplifyAuthCode.swift */,
				FF5B22672A49E0B400FDFCFB /* Stopwatch.swift */,
			);
			path = CIAuthenticationStack;
			sourceTree = "<group>";
		};
		FFF171D22A4B455600F9DAEA /* AuthenticationViews */ = {
			isa = PBXGroup;
			children = (
				FF5B22722A4A312600FDFCFB /* LoginView.swift */,
				FFF171D32A4B459B00F9DAEA /* ConfirmEmail.swift */,
				FF9DEF512A571068006B4B9D /* WelcomeView.swift */,
				FFF171D52A4B895900F9DAEA /* RegisterView.swift */,
				FFF171D92A4C578F00F9DAEA /* ForgotPasswordConfirmView.swift */,
				FFF171D72A4C562200F9DAEA /* ForgotPasswordRequestView.swift */,
				FFF171DB2A4C597D00F9DAEA /* PasswordResetView.swift */,
				FFF171DD2A4C5B9C00F9DAEA /* AccountView.swift */,
			);
			path = AuthenticationViews;
			sourceTree = "<group>";
		};
/* End PBXGroup section */

/* Begin PBXNativeTarget section */
		FF5B222F2A49D30A00FDFCFB /* TestAuthProject_AuthFramework */ = {
			isa = PBXNativeTarget;
			buildConfigurationList = FF5B223E2A49D30A00FDFCFB /* Build configuration list for PBXNativeTarget "TestAuthProject_AuthFramework" */;
			buildPhases = (
				FF5B222C2A49D30A00FDFCFB /* Sources */,
				FF5B222D2A49D30A00FDFCFB /* Frameworks */,
				FF5B222E2A49D30A00FDFCFB /* Resources */,
			);
			buildRules = (
			);
			dependencies = (
			);
			name = TestAuthProject_AuthFramework;
			packageProductDependencies = (
				FF5B22582A49D45500FDFCFB /* AWSAPIPlugin */,
				FF5B225A2A49D45500FDFCFB /* AWSCognitoAuthPlugin */,
				FF5B225C2A49D45500FDFCFB /* AWSS3StoragePlugin */,
				FF5B225E2A49D45500FDFCFB /* Amplify */,
			);
			productName = TestAuthProject_AuthFramework;
			productReference = FF5B22302A49D30A00FDFCFB /* TestAuthProject_AuthFramework.app */;
			productType = "com.apple.product-type.application";
		};
/* End PBXNativeTarget section */

/* Begin PBXProject section */
		FF5B22282A49D30900FDFCFB /* Project object */ = {
			isa = PBXProject;
			attributes = {
				BuildIndependentTargetsInParallel = 1;
				LastSwiftUpdateCheck = 1430;
				LastUpgradeCheck = 1430;
				TargetAttributes = {
					FF5B222F2A49D30A00FDFCFB = {
						CreatedOnToolsVersion = 14.3.1;
					};
				};
			};
			buildConfigurationList = FF5B222B2A49D30900FDFCFB /* Build configuration list for PBXProject "TestAuthProject_AuthFramework" */;
			compatibilityVersion = "Xcode 14.0";
			developmentRegion = en;
			hasScannedForEncodings = 0;
			knownRegions = (
				en,
				Base,
			);
			mainGroup = FF5B22272A49D30900FDFCFB;
			packageReferences = (
				FF5B22572A49D45500FDFCFB /* XCRemoteSwiftPackageReference "amplify-swift" */,
			);
			productRefGroup = FF5B22312A49D30A00FDFCFB /* Products */;
			projectDirPath = "";
			projectRoot = "";
			targets = (
				FF5B222F2A49D30A00FDFCFB /* TestAuthProject_AuthFramework */,
			);
		};
/* End PBXProject section */

/* Begin PBXResourcesBuildPhase section */
		FF5B222E2A49D30A00FDFCFB /* Resources */ = {
			isa = PBXResourcesBuildPhase;
			buildActionMask = 2147483647;
			files = (
				FF5B22442A49D35800FDFCFB /* awsconfiguration.json in Resources */,
				FF5B223B2A49D30A00FDFCFB /* Preview Assets.xcassets in Resources */,
				FF5B22432A49D35800FDFCFB /* amplifyconfiguration.json in Resources */,
				FF5B22382A49D30A00FDFCFB /* Assets.xcassets in Resources */,
			);
			runOnlyForDeploymentPostprocessing = 0;
		};
/* End PBXResourcesBuildPhase section */

/* Begin PBXSourcesBuildPhase section */
		FF5B222C2A49D30A00FDFCFB /* Sources */ = {
			isa = PBXSourcesBuildPhase;
			buildActionMask = 2147483647;
			files = (
				FF5B22362A49D30A00FDFCFB /* ContentView.swift in Sources */,
				FF5B22342A49D30A00FDFCFB /* TestAuthProject_AuthFrameworkApp.swift in Sources */,
				FFF171DC2A4C597D00F9DAEA /* PasswordResetView.swift in Sources */,
				FFF171D62A4B895900F9DAEA /* RegisterView.swift in Sources */,
				FF5B22642A49D5F800FDFCFB /* AmplifyAuthCode.swift in Sources */,
				FF5B22682A49E0B400FDFCFB /* Stopwatch.swift in Sources */,
				FFF171D42A4B459B00F9DAEA /* ConfirmEmail.swift in Sources */,
				FFF171DA2A4C578F00F9DAEA /* ForgotPasswordConfirmView.swift in Sources */,
				FF5B22732A4A312600FDFCFB /* LoginView.swift in Sources */,
				FF5B22612A49D4F100FDFCFB /* UserInformation.swift in Sources */,
				FFF171DE2A4C5B9C00F9DAEA /* AccountView.swift in Sources */,
				FF5B22712A49F66800FDFCFB /* HomeScreen.swift in Sources */,
				FFF171D82A4C562200F9DAEA /* ForgotPasswordRequestView.swift in Sources */,
				FF9DEF522A571068006B4B9D /* WelcomeView.swift in Sources */,
			);
			runOnlyForDeploymentPostprocessing = 0;
		};
/* End PBXSourcesBuildPhase section */

/* Begin XCBuildConfiguration section */
		FF5B223C2A49D30A00FDFCFB /* Debug */ = {
			isa = XCBuildConfiguration;
			buildSettings = {
				ALWAYS_SEARCH_USER_PATHS = NO;
				CLANG_ANALYZER_NONNULL = YES;
				CLANG_ANALYZER_NUMBER_OBJECT_CONVERSION = YES_AGGRESSIVE;
				CLANG_CXX_LANGUAGE_STANDARD = "gnu++20";
				CLANG_ENABLE_MODULES = YES;
				CLANG_ENABLE_OBJC_ARC = YES;
				CLANG_ENABLE_OBJC_WEAK = YES;
				CLANG_WARN_BLOCK_CAPTURE_AUTORELEASING = YES;
				CLANG_WARN_BOOL_CONVERSION = YES;
				CLANG_WARN_COMMA = YES;
				CLANG_WARN_CONSTANT_CONVERSION = YES;
				CLANG_WARN_DEPRECATED_OBJC_IMPLEMENTATIONS = YES;
				CLANG_WARN_DIRECT_OBJC_ISA_USAGE = YES_ERROR;
				CLANG_WARN_DOCUMENTATION_COMMENTS = YES;
				CLANG_WARN_EMPTY_BODY = YES;
				CLANG_WARN_ENUM_CONVERSION = YES;
				CLANG_WARN_INFINITE_RECURSION = YES;
				CLANG_WARN_INT_CONVERSION = YES;
				CLANG_WARN_NON_LITERAL_NULL_CONVERSION = YES;
				CLANG_WARN_OBJC_IMPLICIT_RETAIN_SELF = YES;
				CLANG_WARN_OBJC_LITERAL_CONVERSION = YES;
				CLANG_WARN_OBJC_ROOT_CLASS = YES_ERROR;
				CLANG_WARN_QUOTED_INCLUDE_IN_FRAMEWORK_HEADER = YES;
				CLANG_WARN_RANGE_LOOP_ANALYSIS = YES;
				CLANG_WARN_STRICT_PROTOTYPES = YES;
				CLANG_WARN_SUSPICIOUS_MOVE = YES;
				CLANG_WARN_UNGUARDED_AVAILABILITY = YES_AGGRESSIVE;
				CLANG_WARN_UNREACHABLE_CODE = YES;
				CLANG_WARN__DUPLICATE_METHOD_MATCH = YES;
				COPY_PHASE_STRIP = NO;
				DEBUG_INFORMATION_FORMAT = dwarf;
				ENABLE_STRICT_OBJC_MSGSEND = YES;
				ENABLE_TESTABILITY = YES;
				GCC_C_LANGUAGE_STANDARD = gnu11;
				GCC_DYNAMIC_NO_PIC = NO;
				GCC_NO_COMMON_BLOCKS = YES;
				GCC_OPTIMIZATION_LEVEL = 0;
				GCC_PREPROCESSOR_DEFINITIONS = (
					"DEBUG=1",
					"$(inherited)",
				);
				GCC_WARN_64_TO_32_BIT_CONVERSION = YES;
				GCC_WARN_ABOUT_RETURN_TYPE = YES_ERROR;
				GCC_WARN_UNDECLARED_SELECTOR = YES;
				GCC_WARN_UNINITIALIZED_AUTOS = YES_AGGRESSIVE;
				GCC_WARN_UNUSED_FUNCTION = YES;
				GCC_WARN_UNUSED_VARIABLE = YES;
				IPHONEOS_DEPLOYMENT_TARGET = 16.4;
				MTL_ENABLE_DEBUG_INFO = INCLUDE_SOURCE;
				MTL_FAST_MATH = YES;
				ONLY_ACTIVE_ARCH = YES;
				SDKROOT = iphoneos;
				SWIFT_ACTIVE_COMPILATION_CONDITIONS = DEBUG;
				SWIFT_OPTIMIZATION_LEVEL = "-Onone";
			};
			name = Debug;
		};
		FF5B223D2A49D30A00FDFCFB /* Release */ = {
			isa = XCBuildConfiguration;
			buildSettings = {
				ALWAYS_SEARCH_USER_PATHS = NO;
				CLANG_ANALYZER_NONNULL = YES;
				CLANG_ANALYZER_NUMBER_OBJECT_CONVERSION = YES_AGGRESSIVE;
				CLANG_CXX_LANGUAGE_STANDARD = "gnu++20";
				CLANG_ENABLE_MODULES = YES;
				CLANG_ENABLE_OBJC_ARC = YES;
				CLANG_ENABLE_OBJC_WEAK = YES;
				CLANG_WARN_BLOCK_CAPTURE_AUTORELEASING = YES;
				CLANG_WARN_BOOL_CONVERSION = YES;
				CLANG_WARN_COMMA = YES;
				CLANG_WARN_CONSTANT_CONVERSION = YES;
				CLANG_WARN_DEPRECATED_OBJC_IMPLEMENTATIONS = YES;
				CLANG_WARN_DIRECT_OBJC_ISA_USAGE = YES_ERROR;
				CLANG_WARN_DOCUMENTATION_COMMENTS = YES;
				CLANG_WARN_EMPTY_BODY = YES;
				CLANG_WARN_ENUM_CONVERSION = YES;
				CLANG_WARN_INFINITE_RECURSION = YES;
				CLANG_WARN_INT_CONVERSION = YES;
				CLANG_WARN_NON_LITERAL_NULL_CONVERSION = YES;
				CLANG_WARN_OBJC_IMPLICIT_RETAIN_SELF = YES;
				CLANG_WARN_OBJC_LITERAL_CONVERSION = YES;
				CLANG_WARN_OBJC_ROOT_CLASS = YES_ERROR;
				CLANG_WARN_QUOTED_INCLUDE_IN_FRAMEWORK_HEADER = YES;
				CLANG_WARN_RANGE_LOOP_ANALYSIS = YES;
				CLANG_WARN_STRICT_PROTOTYPES = YES;
				CLANG_WARN_SUSPICIOUS_MOVE = YES;
				CLANG_WARN_UNGUARDED_AVAILABILITY = YES_AGGRESSIVE;
				CLANG_WARN_UNREACHABLE_CODE = YES;
				CLANG_WARN__DUPLICATE_METHOD_MATCH = YES;
				COPY_PHASE_STRIP = NO;
				DEBUG_INFORMATION_FORMAT = "dwarf-with-dsym";
				ENABLE_NS_ASSERTIONS = NO;
				ENABLE_STRICT_OBJC_MSGSEND = YES;
				GCC_C_LANGUAGE_STANDARD = gnu11;
				GCC_NO_COMMON_BLOCKS = YES;
				GCC_WARN_64_TO_32_BIT_CONVERSION = YES;
				GCC_WARN_ABOUT_RETURN_TYPE = YES_ERROR;
				GCC_WARN_UNDECLARED_SELECTOR = YES;
				GCC_WARN_UNINITIALIZED_AUTOS = YES_AGGRESSIVE;
				GCC_WARN_UNUSED_FUNCTION = YES;
				GCC_WARN_UNUSED_VARIABLE = YES;
				IPHONEOS_DEPLOYMENT_TARGET = 16.4;
				MTL_ENABLE_DEBUG_INFO = NO;
				MTL_FAST_MATH = YES;
				SDKROOT = iphoneos;
				SWIFT_COMPILATION_MODE = wholemodule;
				SWIFT_OPTIMIZATION_LEVEL = "-O";
				VALIDATE_PRODUCT = YES;
			};
			name = Release;
		};
		FF5B223F2A49D30A00FDFCFB /* Debug */ = {
			isa = XCBuildConfiguration;
			buildSettings = {
				ASSETCATALOG_COMPILER_APPICON_NAME = AppIcon;
				ASSETCATALOG_COMPILER_GLOBAL_ACCENT_COLOR_NAME = AccentColor;
				CODE_SIGN_STYLE = Automatic;
				CURRENT_PROJECT_VERSION = 1;
				DEVELOPMENT_ASSET_PATHS = "\"TestAuthProject_AuthFramework/Preview Content\"";
				DEVELOPMENT_TEAM = DZ8X7MP4K9;
				ENABLE_PREVIEWS = YES;
				GENERATE_INFOPLIST_FILE = YES;
				INFOPLIST_KEY_UIApplicationSceneManifest_Generation = YES;
				INFOPLIST_KEY_UIApplicationSupportsIndirectInputEvents = YES;
				INFOPLIST_KEY_UILaunchScreen_Generation = YES;
				INFOPLIST_KEY_UISupportedInterfaceOrientations_iPad = "UIInterfaceOrientationPortrait UIInterfaceOrientationPortraitUpsideDown UIInterfaceOrientationLandscapeLeft UIInterfaceOrientationLandscapeRight";
				INFOPLIST_KEY_UISupportedInterfaceOrientations_iPhone = "UIInterfaceOrientationPortrait UIInterfaceOrientationLandscapeLeft UIInterfaceOrientationLandscapeRight";
				LD_RUNPATH_SEARCH_PATHS = (
					"$(inherited)",
					"@executable_path/Frameworks",
				);
				MARKETING_VERSION = 1.0;
				PRODUCT_BUNDLE_IDENTIFIER = "com.cloudingenuity.TestAuthProject-AuthFramework";
				PRODUCT_NAME = "$(TARGET_NAME)";
				SWIFT_EMIT_LOC_STRINGS = YES;
				SWIFT_VERSION = 5.0;
				TARGETED_DEVICE_FAMILY = "1,2";
			};
			name = Debug;
		};
		FF5B22402A49D30A00FDFCFB /* Release */ = {
			isa = XCBuildConfiguration;
			buildSettings = {
				ASSETCATALOG_COMPILER_APPICON_NAME = AppIcon;
				ASSETCATALOG_COMPILER_GLOBAL_ACCENT_COLOR_NAME = AccentColor;
				CODE_SIGN_STYLE = Automatic;
				CURRENT_PROJECT_VERSION = 1;
				DEVELOPMENT_ASSET_PATHS = "\"TestAuthProject_AuthFramework/Preview Content\"";
				DEVELOPMENT_TEAM = DZ8X7MP4K9;
				ENABLE_PREVIEWS = YES;
				GENERATE_INFOPLIST_FILE = YES;
				INFOPLIST_KEY_UIApplicationSceneManifest_Generation = YES;
				INFOPLIST_KEY_UIApplicationSupportsIndirectInputEvents = YES;
				INFOPLIST_KEY_UILaunchScreen_Generation = YES;
				INFOPLIST_KEY_UISupportedInterfaceOrientations_iPad = "UIInterfaceOrientationPortrait UIInterfaceOrientationPortraitUpsideDown UIInterfaceOrientationLandscapeLeft UIInterfaceOrientationLandscapeRight";
				INFOPLIST_KEY_UISupportedInterfaceOrientations_iPhone = "UIInterfaceOrientationPortrait UIInterfaceOrientationLandscapeLeft UIInterfaceOrientationLandscapeRight";
				LD_RUNPATH_SEARCH_PATHS = (
					"$(inherited)",
					"@executable_path/Frameworks",
				);
				MARKETING_VERSION = 1.0;
				PRODUCT_BUNDLE_IDENTIFIER = "com.cloudingenuity.TestAuthProject-AuthFramework";
				PRODUCT_NAME = "$(TARGET_NAME)";
				SWIFT_EMIT_LOC_STRINGS = YES;
				SWIFT_VERSION = 5.0;
				TARGETED_DEVICE_FAMILY = "1,2";
			};
			name = Release;
		};
/* End XCBuildConfiguration section */

/* Begin XCConfigurationList section */
		FF5B222B2A49D30900FDFCFB /* Build configuration list for PBXProject "TestAuthProject_AuthFramework" */ = {
			isa = XCConfigurationList;
			buildConfigurations = (
				FF5B223C2A49D30A00FDFCFB /* Debug */,
				FF5B223D2A49D30A00FDFCFB /* Release */,
			);
			defaultConfigurationIsVisible = 0;
			defaultConfigurationName = Release;
		};
		FF5B223E2A49D30A00FDFCFB /* Build configuration list for PBXNativeTarget "TestAuthProject_AuthFramework" */ = {
			isa = XCConfigurationList;
			buildConfigurations = (
				FF5B223F2A49D30A00FDFCFB /* Debug */,
				FF5B22402A49D30A00FDFCFB /* Release */,
			);
			defaultConfigurationIsVisible = 0;
			defaultConfigurationName = Release;
		};
/* End XCConfigurationList section */

/* Begin XCRemoteSwiftPackageReference section */
		FF5B22572A49D45500FDFCFB /* XCRemoteSwiftPackageReference "amplify-swift" */ = {
			isa = XCRemoteSwiftPackageReference;
			repositoryURL = "https://github.com/aws-amplify/amplify-swift";
			requirement = {
				kind = upToNextMajorVersion;
				minimumVersion = 2.0.0;
			};
		};
/* End XCRemoteSwiftPackageReference section */

/* Begin XCSwiftPackageProductDependency section */
		FF5B22582A49D45500FDFCFB /* AWSAPIPlugin */ = {
			isa = XCSwiftPackageProductDependency;
			package = FF5B22572A49D45500FDFCFB /* XCRemoteSwiftPackageReference "amplify-swift" */;
			productName = AWSAPIPlugin;
		};
		FF5B225A2A49D45500FDFCFB /* AWSCognitoAuthPlugin */ = {
			isa = XCSwiftPackageProductDependency;
			package = FF5B22572A49D45500FDFCFB /* XCRemoteSwiftPackageReference "amplify-swift" */;
			productName = AWSCognitoAuthPlugin;
		};
		FF5B225C2A49D45500FDFCFB /* AWSS3StoragePlugin */ = {
			isa = XCSwiftPackageProductDependency;
			package = FF5B22572A49D45500FDFCFB /* XCRemoteSwiftPackageReference "amplify-swift" */;
			productName = AWSS3StoragePlugin;
		};
		FF5B225E2A49D45500FDFCFB /* Amplify */ = {
			isa = XCSwiftPackageProductDependency;
			package = FF5B22572A49D45500FDFCFB /* XCRemoteSwiftPackageReference "amplify-swift" */;
			productName = Amplify;
		};
/* End XCSwiftPackageProductDependency section */
	};
	rootObject = FF5B22282A49D30900FDFCFB /* Project object */;
}
